// !$*UTF8*$!
{
	archiveVersion = 1;
	classes = {
	};
	objectVersion = 55;
	objects = {

/* Begin PBXBuildFile section */
		3CECAF8027F5C5DA008CF1D7 /* AppDelegate.swift in Sources */ = {isa = PBXBuildFile; fileRef = 3CECAF7F27F5C5DA008CF1D7 /* AppDelegate.swift */; };
		3CECAF8227F5C5DA008CF1D7 /* SceneDelegate.swift in Sources */ = {isa = PBXBuildFile; fileRef = 3CECAF8127F5C5DA008CF1D7 /* SceneDelegate.swift */; };
		3CECAF8427F5C5DA008CF1D7 /* ViewController.swift in Sources */ = {isa = PBXBuildFile; fileRef = 3CECAF8327F5C5DA008CF1D7 /* ViewController.swift */; };
		3CECAF8727F5C5DA008CF1D7 /* Main.storyboard in Resources */ = {isa = PBXBuildFile; fileRef = 3CECAF8527F5C5DA008CF1D7 /* Main.storyboard */; };
		3CECAF8927F5C5DE008CF1D7 /* Assets.xcassets in Resources */ = {isa = PBXBuildFile; fileRef = 3CECAF8827F5C5DE008CF1D7 /* Assets.xcassets */; };
		3CECAF8C27F5C5DE008CF1D7 /* LaunchScreen.storyboard in Resources */ = {isa = PBXBuildFile; fileRef = 3CECAF8A27F5C5DE008CF1D7 /* LaunchScreen.storyboard */; };
		3CECAF9627F5CA20008CF1D7 /* Story.swift in Sources */ = {isa = PBXBuildFile; fileRef = 3CECAF9527F5CA20008CF1D7 /* Story.swift */; };
		3CECAF9827F5CA2B008CF1D7 /* StoryBrain.swift in Sources */ = {isa = PBXBuildFile; fileRef = 3CECAF9727F5CA2B008CF1D7 /* StoryBrain.swift */; };
/* End PBXBuildFile section */

/* Begin PBXFileReference section */
		3CECAF7C27F5C5DA008CF1D7 /* Destini Start.app */ = {isa = PBXFileReference; explicitFileType = wrapper.application; includeInIndex = 0; path = "Destini Start.app"; sourceTree = BUILT_PRODUCTS_DIR; };
		3CECAF7F27F5C5DA008CF1D7 /* AppDelegate.swift */ = {isa = PBXFileReference; lastKnownFileType = sourcecode.swift; path = AppDelegate.swift; sourceTree = "<group>"; };
		3CECAF8127F5C5DA008CF1D7 /* SceneDelegate.swift */ = {isa = PBXFileReference; lastKnownFileType = sourcecode.swift; path = SceneDelegate.swift; sourceTree = "<group>"; };
		3CECAF8327F5C5DA008CF1D7 /* ViewController.swift */ = {isa = PBXFileReference; lastKnownFileType = sourcecode.swift; path = ViewController.swift; sourceTree = "<group>"; };
		3CECAF8627F5C5DA008CF1D7 /* Base */ = {isa = PBXFileReference; lastKnownFileType = file.storyboard; name = Base; path = Base.lproj/Main.storyboard; sourceTree = "<group>"; };
		3CECAF8827F5C5DE008CF1D7 /* Assets.xcassets */ = {isa = PBXFileReference; lastKnownFileType = folder.assetcatalog; path = Assets.xcassets; sourceTree = "<group>"; };
		3CECAF8B27F5C5DE008CF1D7 /* Base */ = {isa = PBXFileReference; lastKnownFileType = file.storyboard; name = Base; path = Base.lproj/LaunchScreen.storyboard; sourceTree = "<group>"; };
		3CECAF8D27F5C5DE008CF1D7 /* Info.plist */ = {isa = PBXFileReference; lastKnownFileType = text.plist.xml; path = Info.plist; sourceTree = "<group>"; };
		3CECAF9527F5CA20008CF1D7 /* Story.swift */ = {isa = PBXFileReference; lastKnownFileType = sourcecode.swift; path = Story.swift; sourceTree = "<group>"; };
		3CECAF9727F5CA2B008CF1D7 /* StoryBrain.swift */ = {isa = PBXFileReference; lastKnownFileType = sourcecode.swift; path = StoryBrain.swift; sourceTree = "<group>"; };
/* End PBXFileReference section */

/* Begin PBXFrameworksBuildPhase section */
		3CECAF7927F5C5DA008CF1D7 /* Frameworks */ = {
			isa = PBXFrameworksBuildPhase;
			buildActionMask = 2147483647;
			files = (
			);
			runOnlyForDeploymentPostprocessing = 0;
		};
/* End PBXFrameworksBuildPhase section */

/* Begin PBXGroup section */
		3CECAF7327F5C5DA008CF1D7 = {
			isa = PBXGroup;
			children = (
				3CECAF7E27F5C5DA008CF1D7 /* Destini Start */,
				3CECAF7D27F5C5DA008CF1D7 /* Products */,
			);
			sourceTree = "<group>";
		};
		3CECAF7D27F5C5DA008CF1D7 /* Products */ = {
			isa = PBXGroup;
			children = (
				3CECAF7C27F5C5DA008CF1D7 /* Destini Start.app */,
			);
			name = Products;
			sourceTree = "<group>";
		};
		3CECAF7E27F5C5DA008CF1D7 /* Destini Start */ = {
			isa = PBXGroup;
			children = (
				3CECAF7F27F5C5DA008CF1D7 /* AppDelegate.swift */,
				3CECAF8127F5C5DA008CF1D7 /* SceneDelegate.swift */,
				3CECAF9927F5CA2F008CF1D7 /* Model */,
				3CECAF9427F5CA04008CF1D7 /* View */,
				3CECAF9327F5C9FB008CF1D7 /* Controller */,
				3CECAF8827F5C5DE008CF1D7 /* Assets.xcassets */,
				3CECAF8A27F5C5DE008CF1D7 /* LaunchScreen.storyboard */,
				3CECAF8D27F5C5DE008CF1D7 /* Info.plist */,
			);
			path = "Destini Start";
			sourceTree = "<group>";
		};
		3CECAF9327F5C9FB008CF1D7 /* Controller */ = {
			isa = PBXGroup;
			children = (
				3CECAF8327F5C5DA008CF1D7 /* ViewController.swift */,
			);
			path = Controller;
			sourceTree = "<group>";
		};
		3CECAF9427F5CA04008CF1D7 /* View */ = {
			isa = PBXGroup;
			children = (
				3CECAF8527F5C5DA008CF1D7 /* Main.storyboard */,
			);
			path = View;
			sourceTree = "<group>";
		};
		3CECAF9927F5CA2F008CF1D7 /* Model */ = {
			isa = PBXGroup;
			children = (
				3CECAF9527F5CA20008CF1D7 /* Story.swift */,
				3CECAF9727F5CA2B008CF1D7 /* StoryBrain.swift */,
			);
			path = Model;
			sourceTree = "<group>";
		};
/* End PBXGroup section */

/* Begin PBXNativeTarget section */
		3CECAF7B27F5C5DA008CF1D7 /* Destini Start */ = {
			isa = PBXNativeTarget;
			buildConfigurationList = 3CECAF9027F5C5DE008CF1D7 /* Build configuration list for PBXNativeTarget "Destini Start" */;
			buildPhases = (
				3CECAF7827F5C5DA008CF1D7 /* Sources */,
				3CECAF7927F5C5DA008CF1D7 /* Frameworks */,
				3CECAF7A27F5C5DA008CF1D7 /* Resources */,
			);
			buildRules = (
			);
			dependencies = (
			);
			name = "Destini Start";
			productName = "Destini Start";
			productReference = 3CECAF7C27F5C5DA008CF1D7 /* Destini Start.app */;
			productType = "com.apple.product-type.application";
		};
/* End PBXNativeTarget section */

/* Begin PBXProject section */
		3CECAF7427F5C5DA008CF1D7 /* Project object */ = {
			isa = PBXProject;
			attributes = {
				BuildIndependentTargetsInParallel = 1;
				LastSwiftUpdateCheck = 1330;
				LastUpgradeCheck = 1330;
				TargetAttributes = {
					3CECAF7B27F5C5DA008CF1D7 = {
						CreatedOnToolsVersion = 13.3;
					};
				};
			};
			buildConfigurationList = 3CECAF7727F5C5DA008CF1D7 /* Build configuration list for PBXProject "Destini Start" */;
			compatibilityVersion = "Xcode 13.0";
			developmentRegion = en;
			hasScannedForEncodings = 0;
			knownRegions = (
				en,
				Base,
			);
			mainGroup = 3CECAF7327F5C5DA008CF1D7;
			productRefGroup = 3CECAF7D27F5C5DA008CF1D7 /* Products */;
			projectDirPath = "";
			projectRoot = "";
			targets = (
				3CECAF7B27F5C5DA008CF1D7 /* Destini Start */,
			);
		};
/* End PBXProject section */

/* Begin PBXResourcesBuildPhase section */
		3CECAF7A27F5C5DA008CF1D7 /* Resources */ = {
			isa = PBXResourcesBuildPhase;
			buildActionMask = 2147483647;
			files = (
				3CECAF8C27F5C5DE008CF1D7 /* LaunchScreen.storyboard in Resources */,
				3CECAF8927F5C5DE008CF1D7 /* Assets.xcassets in Resources */,
				3CECAF8727F5C5DA008CF1D7 /* Main.storyboard in Resources */,
			);
			runOnlyForDeploymentPostprocessing = 0;
		};
/* End PBXResourcesBuildPhase section */

/* Begin PBXSourcesBuildPhase section */
		3CECAF7827F5C5DA008CF1D7 /* Sources */ = {
			isa = PBXSourcesBuildPhase;
			buildActionMask = 2147483647;
			files = (
				3CECAF9827F5CA2B008CF1D7 /* StoryBrain.swift in Sources */,
				3CECAF8427F5C5DA008CF1D7 /* ViewController.swift in Sources */,
				3CECAF8027F5C5DA008CF1D7 /* AppDelegate.swift in Sources */,
				3CECAF8227F5C5DA008CF1D7 /* SceneDelegate.swift in Sources */,
				3CECAF9627F5CA20008CF1D7 /* Story.swift in Sources */,
			);
			runOnlyForDeploymentPostprocessing = 0;
		};
/* End PBXSourcesBuildPhase section */

/* Begin PBXVariantGroup section */
		3CECAF8527F5C5DA008CF1D7 /* Main.storyboard */ = {
			isa = PBXVariantGroup;
			children = (
				3CECAF8627F5C5DA008CF1D7 /* Base */,
			);
			name = Main.storyboard;
			sourceTree = "<group>";
		};
		3CECAF8A27F5C5DE008CF1D7 /* LaunchScreen.storyboard */ = {
			isa = PBXVariantGroup;
			children = (
				3CECAF8B27F5C5DE008CF1D7 /* Base */,
			);
			name = LaunchScreen.storyboard;
			sourceTree = "<group>";
		};
/* End PBXVariantGroup section */

/* Begin XCBuildConfiguration section */
		3CECAF8E27F5C5DE008CF1D7 /* Debug */ = {
			isa = XCBuildConfiguration;
			buildSettings = {
				ALWAYS_SEARCH_USER_PATHS = NO;
				CLANG_ANALYZER_NONNULL = YES;
				CLANG_ANALYZER_NUMBER_OBJECT_CONVERSION = YES_AGGRESSIVE;
				CLANG_CXX_LANGUAGE_STANDARD = "gnu++17";
				CLANG_ENABLE_MODULES = YES;
				CLANG_ENABLE_OBJC_ARC = YES;
				CLANG_ENABLE_OBJC_WEAK = YES;
				CLANG_WARN_BLOCK_CAPTURE_AUTORELEASING = YES;
				CLANG_WARN_BOOL_CONVERSION = YES;
				CLANG_WARN_COMMA = YES;
				CLANG_WARN_CONSTANT_CONVERSION = YES;
				CLANG_WARN_DEPRECATED_OBJC_IMPLEMENTATIONS = YES;
				CLANG_WARN_DIRECT_OBJC_ISA_USAGE = YES_ERROR;
				CLANG_WARN_DOCUMENTATION_COMMENTS = YES;
				CLANG_WARN_EMPTY_BODY = YES;
				CLANG_WARN_ENUM_CONVERSION = YES;
				CLANG_WARN_INFINITE_RECURSION = YES;
				CLANG_WARN_INT_CONVERSION = YES;
				CLANG_WARN_NON_LITERAL_NULL_CONVERSION = YES;
				CLANG_WARN_OBJC_IMPLICIT_RETAIN_SELF = YES;
				CLANG_WARN_OBJC_LITERAL_CONVERSION = YES;
				CLANG_WARN_OBJC_ROOT_CLASS = YES_ERROR;
				CLANG_WARN_QUOTED_INCLUDE_IN_FRAMEWORK_HEADER = YES;
				CLANG_WARN_RANGE_LOOP_ANALYSIS = YES;
				CLANG_WARN_STRICT_PROTOTYPES = YES;
				CLANG_WARN_SUSPICIOUS_MOVE = YES;
				CLANG_WARN_UNGUARDED_AVAILABILITY = YES_AGGRESSIVE;
				CLANG_WARN_UNREACHABLE_CODE = YES;
				CLANG_WARN__DUPLICATE_METHOD_MATCH = YES;
				COPY_PHASE_STRIP = NO;
				DEBUG_INFORMATION_FORMAT = dwarf;
				ENABLE_STRICT_OBJC_MSGSEND = YES;
				ENABLE_TESTABILITY = YES;
				GCC_C_LANGUAGE_STANDARD = gnu11;
				GCC_DYNAMIC_NO_PIC = NO;
				GCC_NO_COMMON_BLOCKS = YES;
				GCC_OPTIMIZATION_LEVEL = 0;
				GCC_PREPROCESSOR_DEFINITIONS = (
					"DEBUG=1",
					"$(inherited)",
				);
				GCC_WARN_64_TO_32_BIT_CONVERSION = YES;
				GCC_WARN_ABOUT_RETURN_TYPE = YES_ERROR;
				GCC_WARN_UNDECLARED_SELECTOR = YES;
				GCC_WARN_UNINITIALIZED_AUTOS = YES_AGGRESSIVE;
				GCC_WARN_UNUSED_FUNCTION = YES;
				GCC_WARN_UNUSED_VARIABLE = YES;
				IPHONEOS_DEPLOYMENT_TARGET = 15.4;
				MTL_ENABLE_DEBUG_INFO = INCLUDE_SOURCE;
				MTL_FAST_MATH = YES;
				ONLY_ACTIVE_ARCH = YES;
				SDKROOT = iphoneos;
				SWIFT_ACTIVE_COMPILATION_CONDITIONS = DEBUG;
				SWIFT_OPTIMIZATION_LEVEL = "-Onone";
			};
			name = Debug;
		};
		3CECAF8F27F5C5DE008CF1D7 /* Release */ = {
			isa = XCBuildConfiguration;
			buildSettings = {
				ALWAYS_SEARCH_USER_PATHS = NO;
				CLANG_ANALYZER_NONNULL = YES;
				CLANG_ANALYZER_NUMBER_OBJECT_CONVERSION = YES_AGGRESSIVE;
				CLANG_CXX_LANGUAGE_STANDARD = "gnu++17";
				CLANG_ENABLE_MODULES = YES;
				CLANG_ENABLE_OBJC_ARC = YES;
				CLANG_ENABLE_OBJC_WEAK = YES;
				CLANG_WARN_BLOCK_CAPTURE_AUTORELEASING = YES;
				CLANG_WARN_BOOL_CONVERSION = YES;
				CLANG_WARN_COMMA = YES;
				CLANG_WARN_CONSTANT_CONVERSION = YES;
				CLANG_WARN_DEPRECATED_OBJC_IMPLEMENTATIONS = YES;
				CLANG_WARN_DIRECT_OBJC_ISA_USAGE = YES_ERROR;
				CLANG_WARN_DOCUMENTATION_COMMENTS = YES;
				CLANG_WARN_EMPTY_BODY = YES;
				CLANG_WARN_ENUM_CONVERSION = YES;
				CLANG_WARN_INFINITE_RECURSION = YES;
				CLANG_WARN_INT_CONVERSION = YES;
				CLANG_WARN_NON_LITERAL_NULL_CONVERSION = YES;
				CLANG_WARN_OBJC_IMPLICIT_RETAIN_SELF = YES;
				CLANG_WARN_OBJC_LITERAL_CONVERSION = YES;
				CLANG_WARN_OBJC_ROOT_CLASS = YES_ERROR;
				CLANG_WARN_QUOTED_INCLUDE_IN_FRAMEWORK_HEADER = YES;
				CLANG_WARN_RANGE_LOOP_ANALYSIS = YES;
				CLANG_WARN_STRICT_PROTOTYPES = YES;
				CLANG_WARN_SUSPICIOUS_MOVE = YES;
				CLANG_WARN_UNGUARDED_AVAILABILITY = YES_AGGRESSIVE;
				CLANG_WARN_UNREACHABLE_CODE = YES;
				CLANG_WARN__DUPLICATE_METHOD_MATCH = YES;
				COPY_PHASE_STRIP = NO;
				DEBUG_INFORMATION_FORMAT = "dwarf-with-dsym";
				ENABLE_NS_ASSERTIONS = NO;
				ENABLE_STRICT_OBJC_MSGSEND = YES;
				GCC_C_LANGUAGE_STANDARD = gnu11;
				GCC_NO_COMMON_BLOCKS = YES;
				GCC_WARN_64_TO_32_BIT_CONVERSION = YES;
				GCC_WARN_ABOUT_RETURN_TYPE = YES_ERROR;
				GCC_WARN_UNDECLARED_SELECTOR = YES;
				GCC_WARN_UNINITIALIZED_AUTOS = YES_AGGRESSIVE;
				GCC_WARN_UNUSED_FUNCTION = YES;
				GCC_WARN_UNUSED_VARIABLE = YES;
				IPHONEOS_DEPLOYMENT_TARGET = 15.4;
				MTL_ENABLE_DEBUG_INFO = NO;
				MTL_FAST_MATH = YES;
				SDKROOT = iphoneos;
				SWIFT_COMPILATION_MODE = wholemodule;
				SWIFT_OPTIMIZATION_LEVEL = "-O";
				VALIDATE_PRODUCT = YES;
			};
			name = Release;
		};
		3CECAF9127F5C5DE008CF1D7 /* Debug */ = {
			isa = XCBuildConfiguration;
			buildSettings = {
				ASSETCATALOG_COMPILER_APPICON_NAME = AppIcon;
				ASSETCATALOG_COMPILER_GLOBAL_ACCENT_COLOR_NAME = AccentColor;
				CODE_SIGN_STYLE = Automatic;
				CURRENT_PROJECT_VERSION = 1;
				DEVELOPMENT_TEAM = RQYPG8XK25;
				GENERATE_INFOPLIST_FILE = YES;
				INFOPLIST_FILE = "Destini Start/Info.plist";
				INFOPLIST_KEY_UIApplicationSupportsIndirectInputEvents = YES;
				INFOPLIST_KEY_UILaunchStoryboardName = LaunchScreen;
				INFOPLIST_KEY_UIMainStoryboardFile = Main;
				INFOPLIST_KEY_UISupportedInterfaceOrientations_iPad = "UIInterfaceOrientationPortrait UIInterfaceOrientationPortraitUpsideDown UIInterfaceOrientationLandscapeLeft UIInterfaceOrientationLandscapeRight";
				INFOPLIST_KEY_UISupportedInterfaceOrientations_iPhone = "UIInterfaceOrientationPortrait UIInterfaceOrientationLandscapeLeft UIInterfaceOrientationLandscapeRight";
				LD_RUNPATH_SEARCH_PATHS = (
					"$(inherited)",
					"@executable_path/Frameworks",
				);
				MARKETING_VERSION = 1.0;
				PRODUCT_BUNDLE_IDENTIFIER = "com.ckost9n.Destini-Start";
				PRODUCT_NAME = "$(TARGET_NAME)";
				SWIFT_EMIT_LOC_STRINGS = YES;
				SWIFT_VERSION = 5.0;
				TARGETED_DEVICE_FAMILY = "1,2";
			};
			name = Debug;
		};
		3CECAF9227F5C5DE008CF1D7 /* Release */ = {
			isa = XCBuildConfiguration;
			buildSettings = {
				ASSETCATALOG_COMPILER_APPICON_NAME = AppIcon;
				ASSETCATALOG_COMPILER_GLOBAL_ACCENT_COLOR_NAME = AccentColor;
				CODE_SIGN_STYLE = Automatic;
				CURRENT_PROJECT_VERSION = 1;
				DEVELOPMENT_TEAM = RQYPG8XK25;
				GENERATE_INFOPLIST_FILE = YES;
				INFOPLIST_FILE = "Destini Start/Info.plist";
				INFOPLIST_KEY_UIApplicationSupportsIndirectInputEvents = YES;
				INFOPLIST_KEY_UILaunchStoryboardName = LaunchScreen;
				INFOPLIST_KEY_UIMainStoryboardFile = Main;
				INFOPLIST_KEY_UISupportedInterfaceOrientations_iPad = "UIInterfaceOrientationPortrait UIInterfaceOrientationPortraitUpsideDown UIInterfaceOrientationLandscapeLeft UIInterfaceOrientationLandscapeRight";
				INFOPLIST_KEY_UISupportedInterfaceOrientations_iPhone = "UIInterfaceOrientationPortrait UIInterfaceOrientationLandscapeLeft UIInterfaceOrientationLandscapeRight";
				LD_RUNPATH_SEARCH_PATHS = (
					"$(inherited)",
					"@executable_path/Frameworks",
				);
				MARKETING_VERSION = 1.0;
				PRODUCT_BUNDLE_IDENTIFIER = "com.ckost9n.Destini-Start";
				PRODUCT_NAME = "$(TARGET_NAME)";
				SWIFT_EMIT_LOC_STRINGS = YES;
				SWIFT_VERSION = 5.0;
				TARGETED_DEVICE_FAMILY = "1,2";
			};
			name = Release;
		};
/* End XCBuildConfiguration section */

/* Begin XCConfigurationList section */
		3CECAF7727F5C5DA008CF1D7 /* Build configuration list for PBXProject "Destini Start" */ = {
			isa = XCConfigurationList;
			buildConfigurations = (
				3CECAF8E27F5C5DE008CF1D7 /* Debug */,
				3CECAF8F27F5C5DE008CF1D7 /* Release */,
			);
			defaultConfigurationIsVisible = 0;
			defaultConfigurationName = Release;
		};
		3CECAF9027F5C5DE008CF1D7 /* Build configuration list for PBXNativeTarget "Destini Start" */ = {
			isa = XCConfigurationList;
			buildConfigurations = (
				3CECAF9127F5C5DE008CF1D7 /* Debug */,
				3CECAF9227F5C5DE008CF1D7 /* Release */,
			);
			defaultConfigurationIsVisible = 0;
			defaultConfigurationName = Release;
		};
/* End XCConfigurationList section */
	};
	rootObject = 3CECAF7427F5C5DA008CF1D7 /* Project object */;
}
